
Microsoft Visual Studio Solution File, Format Version 12.00
# Visual Studio Version 17
VisualStudioVersion = 17.9.34728.123
MinimumVisualStudioVersion = 10.0.40219.1
Project("{FAE04EC0-301F-11D3-BF4B-00C04F79EFBC}") = "Student Management", "Student Management\Student Management.csproj", "{0A8DFB2A-4A3F-450D-AEC9-2BF91DB31AEA}"
EndProject
Global
	GlobalSection(SolutionConfigurationPlatforms) = preSolution
		Debug|Any CPU = Debug|Any CPU
		Release|Any CPU = Release|Any CPU
	EndGlobalSection
	GlobalSection(ProjectConfigurationPlatforms) = postSolution
		{0A8DFB2A-4A3F-450D-AEC9-2BF91DB31AEA}.Debug|Any CPU.ActiveCfg = Debug|Any CPU
		{0A8DFB2A-4A3F-450D-AEC9-2BF91DB31AEA}.Debug|Any CPU.Build.0 = Debug|Any CPU
		{0A8DFB2A-4A3F-450D-AEC9-2BF91DB31AEA}.Release|Any CPU.ActiveCfg = Release|Any CPU
		{0A8DFB2A-4A3F-450D-AEC9-2BF91DB31AEA}.Release|Any CPU.Build.0 = Release|Any CPU
	EndGlobalSection
	GlobalSection(SolutionProperties) = preSolution
		HideSolutionNode = FALSE
	EndGlobalSection
	GlobalSection(ExtensibilityGlobals) = postSolution
		SolutionGuid = {483A38AD-AE06-4A52-945D-7B34A34394CF}
	EndGlobalSection
EndGlobal
